{
  "name": "micro-should",
  "version": "0.4.0",
  "lockfileVersion": 3,
  "requires": true,
  "packages": {
    "": {
      "name": "micro-should",
      "version": "0.4.0",
      "license": "MIT",
      "devDependencies": {
        "@paulmillr/jsbt": "^0.2.1",
        "prettier": "3.0",
        "typescript": "5.5"
      }
    },
    "node_modules/@paulmillr/jsbt": {
      "version": "0.2.1",
      "resolved": "https://registry.npmjs.org/@paulmillr/jsbt/-/jsbt-0.2.1.tgz",
      "integrity": "sha512-4uC/Fa8L8oYjLNPKBqHKCwLv/47s/Asa4Z/rL584YvViPtlFdxBeCFX6knCZxX5gn6n+2YUdr50Q1sIuUNma5Q==",
      "dev": true,
      "license": "MIT",
      "bin": {
        "jsbt": "jsbt.js"
      }
    },
    "node_modules/prettier": {
      "version": "3.0.3",
      "resolved": "https://registry.npmjs.org/prettier/-/prettier-3.0.3.tgz",
      "integrity": "sha512-L/4pUDMxcNa8R/EthV08Zt42WBO4h1rarVtK0K+QJG0X187OLo7l699jWw0GKuwzkPQ//jMFA/8Xm6Fh3J/DAg==",
      "dev": true,
      "license": "MIT",
      "bin": {
        "prettier": "bin/prettier.cjs"
      },
      "engines": {
        "node": ">=14"
      },
      "funding": {
        "url": "https://github.com/prettier/prettier?sponsor=1"
      }
    },
    "node_modules/typescript": {
      "version": "5.5.4",
      "resolved": "https://registry.npmjs.org/typescript/-/typescript-5.5.4.tgz",
      "integrity": "sha512-Mtq29sKDAEYP7aljRgtPOpTvOfbwRWlS6dPRzwjdE+C0R4brX/GUyhHSecbHMFLNBLcJIPt9nl9yG5TZ1weH+Q==",
      "dev": true,
      "license": "Apache-2.0",
      "bin": {
        "tsc": "bin/tsc",
        "tsserver": "bin/tsserver"
      },
      "engines": {
        "node": ">=14.17"
      }
    }
  }
}
