{
  "name": "micro-should",
  "version": "0.5.1",
  "lockfileVersion": 3,
  "requires": true,
  "packages": {
    "": {
      "name": "micro-should",
      "version": "0.5.1",
      "license": "MIT",
      "devDependencies": {
        "@paulmillr/jsbt": "0.3.3",
        "prettier": "3.5.2",
        "typescript": "5.8.2"
      }
    },
    "node_modules/@paulmillr/jsbt": {
      "version": "0.3.3",
      "resolved": "https://registry.npmjs.org/@paulmillr/jsbt/-/jsbt-0.3.3.tgz",
      "integrity": "sha512-92Z78xwPjN1jjY4AHkaLWGuSk4ILQGJ2bEz0MzGJ6bYvl5dFHQMZR8irW7Myz+xpSbsST7d4ykjLPPaghI2apg==",
      "dev": true,
      "license": "MIT",
      "bin": {
        "jsbt": "jsbt.js"
      }
    },
    "node_modules/prettier": {
      "version": "3.5.2",
      "resolved": "https://registry.npmjs.org/prettier/-/prettier-3.5.2.tgz",
      "integrity": "sha512-lc6npv5PH7hVqozBR7lkBNOGXV9vMwROAPlumdBkX0wTbbzPu/U1hk5yL8p2pt4Xoc+2mkT8t/sow2YrV/M5qg==",
      "dev": true,
      "license": "MIT",
      "bin": {
        "prettier": "bin/prettier.cjs"
      },
      "engines": {
        "node": ">=14"
      },
      "funding": {
        "url": "https://github.com/prettier/prettier?sponsor=1"
      }
    },
    "node_modules/typescript": {
      "version": "5.8.2",
      "resolved": "https://registry.npmjs.org/typescript/-/typescript-5.8.2.tgz",
      "integrity": "sha512-aJn6wq13/afZp/jT9QZmwEjDqqvSGp1VT5GVg+f/t6/oVyrgXM6BY1h9BRh/O5p3PlUPAe+WuiEZOmb/49RqoQ==",
      "dev": true,
      "license": "Apache-2.0",
      "bin": {
        "tsc": "bin/tsc",
        "tsserver": "bin/tsserver"
      },
      "engines": {
        "node": ">=14.17"
      }
    }
  }
}
